# Generated by conda-lock.
# platform: linux-64
# input_hash: 49545dbaee2951f9f8b37b9f7c89df9c975d45d7b703fd38f84f569f10e14f86
@EXPLICIT
https://conda.anaconda.org/anaconda/linux-64/brotli-bin-1.0.9-h5eee18b_7.tar.bz2#d9d570587ccfd7158b66feb823c990c6
https://conda.anaconda.org/anaconda/linux-64/libopus-1.3.1-h7b6447c_0.tar.bz2#049062fe7765952d7db02925f43e8fe5
https://conda.anaconda.org/anaconda/noarch/flit-core-3.6.0-pyhd3eb1b0_0.tar.bz2#f4ea57791c1a1e4b2316468a415f8f38
https://conda.anaconda.org/anaconda/noarch/pandocfilters-1.5.0-pyhd3eb1b0_0.tar.bz2#0cb9961d77df143d6d65580d713aade1
https://conda.anaconda.org/anaconda/linux-64/py4j-0.10.9.3-py310h06a4308_0.tar.bz2#f83366a930ae059f98f190fff60f934e
https://conda.anaconda.org/anaconda/linux-64/ply-3.11-py310h06a4308_0.tar.bz2#e0409553f4fd69c47962c41a23762b4c
https://conda.anaconda.org/anaconda/linux-64/libgfortran5-11.2.0-h1234567_1.tar.bz2#0202c3c8ae4735cac6c7f3d1e1685964
https://conda.anaconda.org/anaconda/linux-64/sniffio-1.2.0-py310h06a4308_1.tar.bz2#c15dcab2d9945d0997d49db7bbb2b12f
https://conda.anaconda.org/conda-forge/linux-64/pyglet-1.5.27-py310hff52083_4.conda#ea38b57e303cdef584057bc971b9852a
https://conda.anaconda.org/anaconda/linux-64/jinja2-3.1.2-py310h06a4308_0.tar.bz2#76227e72320c19ab16d6bda143f12096
https://conda.anaconda.org/anaconda/linux-64/mkl-service-2.4.0-py310h7f8727e_0.tar.bz2#83252b73851c784755a30c4932db6377
https://conda.anaconda.org/anaconda/linux-64/libgfortran-ng-11.2.0-h00389a5_1.tar.bz2#27082517590f3b9fbffecc68513b461b
https://conda.anaconda.org/anaconda/linux-64/nspr-4.33-h295c915_0.tar.bz2#28808460055d2c42c58edd8639ce530c
https://conda.anaconda.org/anaconda/linux-64/mkl_random-1.2.2-py310h00e6091_0.tar.bz2#4d23da9a63b3973bff5e8e9b9651c70d
https://conda.anaconda.org/anaconda/linux-64/libedit-3.1.20221030-h5eee18b_0.tar.bz2#af7584851084abae8eaa8cee2ed288b4
https://conda.anaconda.org/anaconda/linux-64/qtwebkit-5.212-h4eab89a_4.tar.bz2#c47c9a2e1d2525b9cc25dcf80c889b82
https://conda.anaconda.org/conda-forge/noarch/hyperopt-0.2.7-pyhd8ed1ab_0.tar.bz2#260711cc18720efc12925bfc90418e93
https://conda.anaconda.org/anaconda/linux-64/babel-2.11.0-py310h06a4308_0.tar.bz2#3e89c64fb56d74e0a91ec741a6661a0d
https://conda.anaconda.org/anaconda/linux-64/libxkbcommon-1.0.1-hfa300c1_0.tar.bz2#971c3026995b3eac64a061153776f572
https://conda.anaconda.org/anaconda/linux-64/intel-openmp-2021.4.0-h06a4308_3561.tar.bz2#4aa8bcf74c81cd3600978f791191692a
https://conda.anaconda.org/anaconda/linux-64/pyrsistent-0.18.0-py310h7f8727e_0.tar.bz2#fa93b46d0393c943b54aa9a01669b651
https://conda.anaconda.org/anaconda/linux-64/pytz-2022.7-py310h06a4308_0.tar.bz2#71db24d98277c0b9d16e6b28ac89b13e
https://conda.anaconda.org/anaconda/linux-64/nest-asyncio-1.5.6-py310h06a4308_0.tar.bz2#85a509faa4a3c9f1b3a3df32bab735e1
https://conda.anaconda.org/anaconda/linux-64/widgetsnbextension-3.5.2-py310h06a4308_0.tar.bz2#57b9c609ad6b278bc8f3e3689ef8f20f
https://conda.anaconda.org/anaconda/linux-64/libtasn1-4.16.0-h27cfd23_0.tar.bz2#7fcfe485e6529b79a6e49aa2e18e18d9
https://conda.anaconda.org/anaconda/linux-64/glib-2.69.1-he621ea3_2.tar.bz2#0223c02d020cf3ff6637210d99000b5a
https://conda.anaconda.org/anaconda/noarch/appdirs-1.4.4-pyhd3eb1b0_0.tar.bz2#a1914956aa26b608c4f2d17edadca061
https://conda.anaconda.org/anaconda/noarch/argon2-cffi-21.3.0-pyhd3eb1b0_0.tar.bz2#32685aa840f6868407a3150184ebbf90
https://conda.anaconda.org/anaconda/linux-64/libffi-3.4.2-h6a678d5_6.tar.bz2#e87570b45df1cd10db6ad9c2c79a3b30
https://conda.anaconda.org/anaconda/linux-64/anyio-3.5.0-py310h06a4308_0.tar.bz2#113dcf34ca0d120a07b96997e221c3e2
https://conda.anaconda.org/anaconda/linux-64/krb5-1.19.4-h568e23c_0.tar.bz2#f72dd6c996afe8e088d587932aaaadd5
https://conda.anaconda.org/anaconda/linux-64/comm-0.1.2-py310h06a4308_0.tar.bz2#ccaf333120348af98f94afdfa8363aac
https://conda.anaconda.org/anaconda/linux-64/seaborn-0.12.2-py310h06a4308_0.tar.bz2#5ce213541e78fdcd98f8692fc5091b33
https://conda.anaconda.org/anaconda/linux-64/jupyterlab_server-2.16.5-py310h06a4308_0.tar.bz2#e1c854a1bbe78cc85651737d064cc12b
https://conda.anaconda.org/anaconda/linux-64/gst-plugins-base-1.14.0-h8213a91_2.tar.bz2#df2e0695e2edbd91b719da5b15249c5a
https://conda.anaconda.org/anaconda/linux-64/brotlipy-0.7.0-py310h7f8727e_1002.tar.bz2#681b7a6c60515233e7940082b9983832
https://conda.anaconda.org/anaconda/linux-64/platformdirs-2.5.2-py310h06a4308_0.tar.bz2#3fe57c4b428ddd2f2774a93c277cb1d1
https://conda.anaconda.org/anaconda/linux-64/pyqt5-sip-12.11.0-py310h6a678d5_1.tar.bz2#476c4859b1644df160d5efffe8a0656e
https://conda.anaconda.org/anaconda/linux-64/mkl_fft-1.3.1-py310hd6ae3a3_0.tar.bz2#899b76e4629a62b66a7fee96ca02a487
https://conda.anaconda.org/anaconda/linux-64/nettle-3.7.3-hbbd107a_1.tar.bz2#1e711a86e61920ca226b249d99dac54a
https://conda.anaconda.org/anaconda/linux-64/pyparsing-3.0.9-py310h06a4308_0.tar.bz2#683beb480351e058d66b538273fbfb8a
https://conda.anaconda.org/anaconda/linux-64/jupyter_client-7.4.8-py310h06a4308_0.tar.bz2#74b572e932dd70379ffb92fa866497ed
https://conda.anaconda.org/anaconda/linux-64/psutil-5.9.0-py310h5eee18b_0.tar.bz2#ea6ee93562a9c94d730b0e2dcfb68941
https://conda.anaconda.org/anaconda/linux-64/tqdm-4.64.1-py310h06a4308_0.tar.bz2#6352f8e6ec03e6dadff4a7d47793c50a
https://conda.anaconda.org/anaconda/linux-64/cffi-1.15.1-py310h5eee18b_3.tar.bz2#e00995da98d9d0dcbc5c50a81145a439
https://conda.anaconda.org/anaconda/linux-64/typing-extensions-4.4.0-py310h06a4308_0.tar.bz2#8511b9973eb99a71fe72362279115cc0
https://conda.anaconda.org/anaconda/linux-64/brotli-1.0.9-h5eee18b_7.tar.bz2#712827b1699cc71e6240626c413408f3
https://conda.anaconda.org/pytorch/linux-64/pytorch-2.0.1-py3.10_cpu_0.tar.bz2#56b6ef7b441704a6086ba3c3c348a296
https://conda.anaconda.org/anaconda/linux-64/nbformat-5.7.0-py310h06a4308_0.tar.bz2#6bc6ee37ddbdef705376dde9388e1012
https://conda.anaconda.org/anaconda/linux-64/libevent-2.1.12-h8f2d780_0.tar.bz2#2e3534102d10ade546c0feb056bbffbe
https://conda.anaconda.org/anaconda/linux-64/jupyter_core-5.1.1-py310h06a4308_0.tar.bz2#843339aa2770735aaff599b462ccd24a
https://conda.anaconda.org/anaconda/noarch/python-dateutil-2.8.2-pyhd3eb1b0_0.tar.bz2#2eb923cc014094f4acf7f849d67d73f8
https://conda.anaconda.org/anaconda/linux-64/libxml2-2.9.14-h74e7548_0.tar.bz2#686e77514ec9f1ef0a6feed374f14d37
https://conda.anaconda.org/anaconda/noarch/jupyterlab_widgets-1.0.0-pyhd3eb1b0_1.tar.bz2#fe074ad242110f3a9cd1e1501b2dde1d
https://conda.anaconda.org/anaconda/linux-64/zeromq-4.3.4-h2531618_0.tar.bz2#567b68192c387b5fc88178425577a0fe
https://conda.anaconda.org/anaconda/linux-64/debugpy-1.5.1-py310h295c915_0.tar.bz2#aa967d228c67e44ca5c6142535b04c87
https://conda.anaconda.org/anaconda/noarch/pygments-2.11.2-pyhd3eb1b0_0.tar.bz2#f73d9994217739e61c17daebee774080
https://conda.anaconda.org/anaconda/linux-64/attrs-22.1.0-py310h06a4308_0.tar.bz2#849eab92757e729cf220bfaf82969216
https://conda.anaconda.org/anaconda/linux-64/websocket-client-0.58.0-py310h06a4308_4.tar.bz2#bcd8414adfe572fc3d04850d1fae2845
https://conda.anaconda.org/anaconda/linux-64/x264-1!157.20191217-h7b6447c_0.tar.bz2#ca43674c30514c24c8cf30254fc94a9d
https://conda.anaconda.org/anaconda/linux-64/libbrotlienc-1.0.9-h5eee18b_7.tar.bz2#cc6a6d362912a2d112310bd3f8acd44e
https://conda.anaconda.org/anaconda/linux-64/markupsafe-2.1.1-py310h7f8727e_0.tar.bz2#d30b31c701efc1ab22fd8f7a1e489978
https://conda.anaconda.org/anaconda/linux-64/openssl-1.1.1s-h7f8727e_0.tar.bz2#2c7c8f2e5325a18c8c9ea7c9d7663792
https://conda.anaconda.org/pytorch/linux-64/torchaudio-2.0.2-py310_cpu.tar.bz2#e8c263ae8f123745312bb8c24d708174
https://conda.anaconda.org/anaconda/linux-64/mpfr-4.0.2-hb69a4c5_1.tar.bz2#207e53f498d2efe14423a980e4d74816
https://conda.anaconda.org/anaconda/linux-64/tomli-2.0.1-py310h06a4308_0.tar.bz2#c484ebee52415c809546b14d9d87b391
https://conda.anaconda.org/anaconda/noarch/pyopenssl-22.0.0-pyhd3eb1b0_0.tar.bz2#24300c22dced4609b77f3ace93b5beeb
https://conda.anaconda.org/anaconda/noarch/ipywidgets-7.6.5-pyhd3eb1b0_1.tar.bz2#4e86983a620c1607c345793553966cfb
https://conda.anaconda.org/anaconda/linux-64/giflib-5.2.1-h5eee18b_1.tar.bz2#e1f6343a7093d3785bb7f44a11566071
https://conda.anaconda.org/anaconda/linux-64/tornado-6.2-py310h5eee18b_0.tar.bz2#7a9b2a50c99708ed401cb99141cd7617
https://conda.anaconda.org/anaconda/linux-64/libidn2-2.3.2-h7f8727e_0.tar.bz2#f856a968543e8d862a89e5aabe44419d
https://conda.anaconda.org/anaconda/linux-64/pyzmq-23.2.0-py310h6a678d5_0.tar.bz2#d3d56ca7c96ad04a5fa0778e20f716aa
https://conda.anaconda.org/anaconda/noarch/wcwidth-0.2.5-pyhd3eb1b0_0.tar.bz2#98982290b7b7eff532ec6dead415172b
https://conda.anaconda.org/anaconda/linux-64/lz4-c-1.9.4-h6a678d5_0.tar.bz2#f24adbfdfe16b0bac0d14640bb5ce616
https://conda.anaconda.org/anaconda/noarch/pure_eval-0.2.2-pyhd3eb1b0_0.tar.bz2#8be7529b5e573e3cbc6df277b9950109
https://conda.anaconda.org/anaconda/linux-64/nbclassic-0.4.8-py310h06a4308_0.tar.bz2#9010e919faa5251bfa7c220e7b81bdf2
https://conda.anaconda.org/anaconda/linux-64/torchvision-0.13.1-cpu_py310h164cc8f_0.tar.bz2#8825b29357d0a86d7eb68d2678483516
https://conda.anaconda.org/anaconda/noarch/pexpect-4.8.0-pyhd3eb1b0_3.tar.bz2#5122a68ef2c53409eda11f07f1c3d7c7
https://conda.anaconda.org/anaconda/linux-64/libsodium-1.0.18-h7b6447c_0.tar.bz2#6f662c6b244a444869f0c537da106d6d
https://conda.anaconda.org/anaconda/linux-64/traitlets-5.7.1-py310h06a4308_0.tar.bz2#fc14d3692ef44fee5d3b267adbf97c74
https://conda.anaconda.org/anaconda/linux-64/soupsieve-2.3.2.post1-py310h06a4308_0.tar.bz2#e2c4318adddfbccf7563ff47ee88bd8d
https://conda.anaconda.org/anaconda/linux-64/sip-6.6.2-py310h6a678d5_0.tar.bz2#b2010c208eec2c87487581def9f1f7ac
https://conda.anaconda.org/anaconda/linux-64/libllvm10-10.0.1-hbcb73fb_5.tar.bz2#018341009ad2153562af92ebf6f7752a
https://conda.anaconda.org/anaconda/noarch/pooch-1.4.0-pyhd3eb1b0_0.tar.bz2#1514deb536673e9dba49776b39b61d2f
https://conda.anaconda.org/anaconda/noarch/cycler-0.11.0-pyhd3eb1b0_0.tar.bz2#dfb0ca8055c9a72aaca7b845a6edea17
https://conda.anaconda.org/anaconda/linux-64/zlib-1.2.13-h5eee18b_0.tar.bz2#4f315d7551f4bbeb06b6fc28342a9aa5
https://conda.anaconda.org/anaconda/linux-64/certifi-2022.12.7-py310h06a4308_0.tar.bz2#d760ff6d9330e2b2097f018d40dce0a2
https://conda.anaconda.org/anaconda/linux-64/typing_extensions-4.4.0-py310h06a4308_0.tar.bz2#56c5d621a13bae4fe9df9214bdf741f0
https://conda.anaconda.org/anaconda/linux-64/future-0.18.2-py310h06a4308_1.tar.bz2#b70a3d8fc0786816431f321791bdbb3c
https://conda.anaconda.org/anaconda/linux-64/libbrotlicommon-1.0.9-h5eee18b_7.tar.bz2#787927eff72e62c270f614cbcba9479c
https://conda.anaconda.org/anaconda/noarch/stack_data-0.2.0-pyhd3eb1b0_0.tar.bz2#fa3edcfd4c2c0d744bc177cbfcd77626
https://conda.anaconda.org/anaconda/linux-64/notebook-shim-0.2.2-py310h06a4308_0.tar.bz2#133b837755ea8399962afb015afb561f
https://conda.anaconda.org/anaconda/linux-64/expat-2.4.9-h6a678d5_0.tar.bz2#d254ca6cf5c657cecd6912b0671379cd
https://conda.anaconda.org/anaconda/linux-64/notebook-6.5.2-py310h06a4308_0.tar.bz2#0147480e466cfc8d0ae8f8bec406e735
https://conda.anaconda.org/anaconda/linux-64/libwebp-1.2.4-h11a3e52_0.tar.bz2#496c2f6508db77d5d71cb73a92e26117
https://conda.anaconda.org/anaconda/noarch/ipython_genutils-0.2.0-pyhd3eb1b0_1.tar.bz2#2b7ea8318bc62d9e504ea43409ecd7c1
https://conda.anaconda.org/anaconda/linux-64/fftw-3.3.9-h27cfd23_1.tar.bz2#7d40c13591f949a2032801059e2e6e06
https://conda.anaconda.org/anaconda/noarch/toml-0.10.2-pyhd3eb1b0_0.tar.bz2#c879bdd2c6714030b3b0f7aea4e84f0d
https://conda.anaconda.org/anaconda/linux-64/numexpr-2.8.4-py310h8879344_0.tar.bz2#94264876f670fbea509623251295d00b
https://conda.anaconda.org/anaconda/linux-64/numpy-1.23.5-py310hd5efca6_0.tar.bz2#dfdf96ac060e022f4e28b6bcc87b35fb
https://conda.anaconda.org/anaconda/linux-64/scipy-1.10.0-py310hd5efca6_0.tar.bz2#4ce0493f844dd1bf7d10ac34e749b8ea
https://conda.anaconda.org/anaconda/linux-64/readline-8.2-h5eee18b_0.tar.bz2#960bf00d81e7bbdeff2c7d01ed78eaeb
https://conda.anaconda.org/anaconda/linux-64/beautifulsoup4-4.11.1-py310h06a4308_0.tar.bz2#53f8cb585b39d6645158a143cff6116b
https://conda.anaconda.org/anaconda/linux-64/requests-2.28.1-py310h06a4308_0.tar.bz2#2fd9d5e9fc579b514311139f644ffa31
https://conda.anaconda.org/anaconda/linux-64/urllib3-1.26.14-py310h06a4308_0.tar.bz2#539ad0df78e7cf018e3ee0bad299046d
https://conda.anaconda.org/anaconda/linux-64/nbconvert-6.5.4-py310h06a4308_0.tar.bz2#a6ccc2e18be71a21400c65170c469a08
https://conda.anaconda.org/anaconda/linux-64/libdeflate-1.8-h7f8727e_5.tar.bz2#88cd43eece362464d4842f1b2f92a1de
https://conda.anaconda.org/anaconda/linux-64/libstdcxx-ng-11.2.0-h1234567_1.tar.bz2#8c195584a5f5471b600ee180e4052773
https://conda.anaconda.org/anaconda/linux-64/ncurses-6.4-h6a678d5_0.tar.bz2#57ea097dc15f8d9f9eb90e1d919143b0
https://conda.anaconda.org/anaconda/linux-64/libbrotlidec-1.0.9-h5eee18b_7.tar.bz2#c0608d376a30b5aa4d2f2c22978135db
https://conda.anaconda.org/anaconda/linux-64/entrypoints-0.4-py310h06a4308_0.tar.bz2#57314b5e1702906d03bfcff4d7eab35a
https://conda.anaconda.org/anaconda/linux-64/terminado-0.17.1-py310h06a4308_0.tar.bz2#00362c34088a3a02bcca1ad72df5f58a
https://conda.anaconda.org/anaconda/linux-64/pip-22.3.1-py310h06a4308_0.tar.bz2#ff0aaaab309703192db843844a7e5ea5
https://conda.anaconda.org/anaconda/noarch/munkres-1.1.4-py_0.tar.bz2#67857cc5e9044770d2b15f9d94a4521d
https://conda.anaconda.org/anaconda/linux-64/jupyter-1.0.0-py310h06a4308_8.tar.bz2#c4bbeffad4d66d5246321b1b81a7c003
https://conda.anaconda.org/anaconda/linux-64/packaging-22.0-py310h06a4308_0.tar.bz2#4919603e33bc33d6a1d06007121b9ea4
https://conda.anaconda.org/anaconda/linux-64/openh264-2.1.1-h4ff587b_0.tar.bz2#b25b510a3be22cd8feea30015ea8f33c
https://conda.anaconda.org/anaconda/linux-64/xz-5.2.10-h5eee18b_1.tar.bz2#4adc6af15880436b664fc56be08fb4c5
https://conda.anaconda.org/anaconda/linux-64/webencodings-0.5.1-py310h06a4308_1.tar.bz2#49b82f30a2a45b2ce167a876cdc9e21c
https://conda.anaconda.org/anaconda/noarch/prompt-toolkit-3.0.20-pyhd3eb1b0_0.tar.bz2#dd2ae7b95722775ab3f9c7ac27be6b50
https://conda.anaconda.org/anaconda/linux-64/qtconsole-5.4.0-py310h06a4308_0.tar.bz2#93e477cafa8b39e92592f544fa51e8d8
https://conda.anaconda.org/anaconda/linux-64/argon2-cffi-bindings-21.2.0-py310h7f8727e_0.tar.bz2#96b990f76f2e61e914f5ad1958f6e7bd
https://conda.anaconda.org/anaconda/linux-64/python-3.10.9-h7a1cb2a_0.tar.bz2#fe790eb0b0694dc3910e6387bc34afe5
https://conda.anaconda.org/anaconda/linux-64/numpy-base-1.23.5-py310h8e6c178_0.tar.bz2#0b83d92e243f71ca6c53c412240bc36e
https://conda.anaconda.org/anaconda/linux-64/ffmpeg-4.2.2-h20bf706_0.tar.bz2#45f245147704c070d2e3861d0a761f13
https://conda.anaconda.org/anaconda/noarch/decorator-5.1.1-pyhd3eb1b0_0.tar.bz2#6072a09eeab81c07c98065234e46af1e
https://conda.anaconda.org/anaconda/linux-64/filelock-3.9.0-py310h06a4308_0.tar.bz2#26d015e07ce85cf4d2a714b2a42d5664
https://conda.anaconda.org/anaconda/linux-64/nbclient-0.5.13-py310h06a4308_0.tar.bz2#dbb43e77b5e495a1bd256459f9dd2d76
https://conda.anaconda.org/conda-forge/linux-64/gym-0.26.1-py310hfdc917e_0.conda#64bf2cb1bf7216b6f612b05e73404511
https://conda.anaconda.org/anaconda/linux-64/lcms2-2.12-h3be6417_0.tar.bz2#653b4f425f6d4a21f04619b1f5f8aa43
https://conda.anaconda.org/anaconda/linux-64/tk-8.6.12-h1ccaba5_0.tar.bz2#5b8375e2092012db69d2123dc0c68630
https://conda.anaconda.org/anaconda/linux-64/libclang-10.0.1-default_hb85057a_2.tar.bz2#303df88e60520fefb6ed6d07eecbb645
https://conda.anaconda.org/anaconda/linux-64/qt-main-5.15.2-h327a75a_7.tar.bz2#3207ce0d1744a6e916c57be6caa64602
https://conda.anaconda.org/anaconda/linux-64/libtiff-4.5.0-h6a678d5_1.tar.bz2#51d50a8389083dc6124c3777e6020952
https://conda.anaconda.org/anaconda/linux-64/bzip2-1.0.8-h7b6447c_0.tar.bz2#f52e60deb7f4c82821be9a868e889348
https://conda.anaconda.org/anaconda/noarch/fonttools-4.25.0-pyhd3eb1b0_0.tar.bz2#9eff1a842dbda8d1bae9a2c008b599bc
https://conda.anaconda.org/anaconda/linux-64/kiwisolver-1.4.4-py310h6a678d5_0.tar.bz2#1728f1fe8a6b260a1097d5723defc547
https://conda.anaconda.org/anaconda/linux-64/tinycss2-1.2.1-py310h06a4308_0.tar.bz2#12d717c4e3873e295865c1666ff125ef
https://conda.anaconda.org/anaconda/linux-64/libxslt-1.1.35-h4e12654_0.tar.bz2#66e2aa12181bb2911485bdbe125d24c5
https://conda.anaconda.org/anaconda/noarch/bleach-4.1.0-pyhd3eb1b0_0.tar.bz2#d78a456773bd4df323a2dfb4d8710b90
https://conda.anaconda.org/anaconda/noarch/prompt_toolkit-3.0.20-hd3eb1b0_0.tar.bz2#5b8d900ea7c3e81549faca2c797f0d4b
https://conda.anaconda.org/anaconda/noarch/json5-0.9.6-pyhd3eb1b0_0.tar.bz2#91e3336204a0ea3951957d7d5e8f3e26
https://conda.anaconda.org/anaconda/linux-64/contourpy-1.0.5-py310hdb19cb5_0.tar.bz2#7953ef61e9fcd31c02304dc264ce55bc
https://conda.anaconda.org/anaconda/linux-64/lxml-4.9.1-py310h1edc446_0.tar.bz2#4ea8c65a572668247c5af8f865d59430
https://conda.anaconda.org/anaconda/linux-64/_openmp_mutex-5.1-1_gnu.tar.bz2#613805add1c05b538ff06d217252feb7
https://conda.anaconda.org/anaconda/linux-64/pyqt-5.15.7-py310h6a678d5_1.tar.bz2#b0b8c963586f30ed4db9fc35ee458c03
https://conda.anaconda.org/anaconda/linux-64/prometheus_client-0.14.1-py310h06a4308_0.tar.bz2#02e7296fb89eadc1d5b8f6afcca292d1
https://conda.anaconda.org/anaconda/linux-64/ipykernel-6.19.2-py310h2f386ee_0.tar.bz2#c3310faa0f2fabb44a61384e8deee2f7
https://conda.anaconda.org/anaconda/linux-64/ipython-8.8.0-py310h06a4308_0.tar.bz2#951f826f6e56599248c75c2185f966a6
https://conda.anaconda.org/anaconda/linux-64/cryptography-38.0.4-py310h9ce1e76_0.tar.bz2#7ffff958b7cfe4022fc5622e1b6eabff
https://conda.anaconda.org/anaconda/linux-64/_libgcc_mutex-0.1-main.tar.bz2#013d3f22cd3b87f71224bd936765bcad
https://conda.anaconda.org/anaconda/linux-64/fontconfig-2.14.1-h52c9d5c_1.tar.bz2#84568e1f38e8a2d876c82eca0e09c3b6
https://conda.anaconda.org/conda-forge/noarch/gym-notices-0.0.8-pyhd8ed1ab_0.conda#ba6bbf819531ebeab48748c1ea372ea9
https://conda.anaconda.org/pytorch/noarch/pytorch-mutex-1.0-cpu.tar.bz2#49565ed726991fd28d08a39885caa88d
https://conda.anaconda.org/anaconda/linux-64/nss-3.74-h0370c37_0.tar.bz2#dae15373190aa3fe1a52b9f5c5846151
https://conda.anaconda.org/anaconda/linux-64/jupyter_server-1.23.4-py310h06a4308_0.tar.bz2#ad34dede640c1068b2df718e9eb56e7a
https://conda.anaconda.org/anaconda/linux-64/mpmath-1.2.1-py310h06a4308_0.tar.bz2#d5a0a56e87dc075e76fe351680aaf66c
https://conda.anaconda.org/anaconda/noarch/pickleshare-0.7.5-pyhd3eb1b0_1003.tar.bz2#e68a6f315f41a8d814d833652bf38b9b
https://conda.anaconda.org/anaconda/linux-64/bottleneck-1.3.5-py310ha9d4c09_0.tar.bz2#5b7b73a64821792819ae1a276fdf3148
https://conda.anaconda.org/anaconda/linux-64/pcre-8.45-h295c915_0.tar.bz2#4bac8a874e62f41ebab8345ca6076eb6
https://conda.anaconda.org/anaconda/linux-64/libgomp-11.2.0-h1234567_1.tar.bz2#3080c2813e6e1d0f8a100a38b5b3456d
https://conda.anaconda.org/anaconda/linux-64/libuuid-1.41.5-h5eee18b_0.tar.bz2#292768ec77416ae257cfdd44ea2071c8
https://conda.anaconda.org/anaconda/linux-64/ca-certificates-2023.01.10-h06a4308_0.tar.bz2#5cc97953b9c0731a4e4624761f93b255
https://conda.anaconda.org/anaconda/linux-64/libunistring-0.9.10-h27cfd23_0.tar.bz2#88da7938c4376b130ad14480b7fbb49b
https://conda.anaconda.org/anaconda/noarch/parso-0.8.3-pyhd3eb1b0_0.tar.bz2#19dd0314629d343382a76a309cb7d183
https://conda.anaconda.org/anaconda/linux-64/mistune-0.8.4-py310h7f8727e_1000.tar.bz2#33fe473ae7a1202e28c9143014029f62
https://conda.anaconda.org/anaconda/linux-64/qtpy-2.2.0-py310h06a4308_0.tar.bz2#a839b038601daa7c7d58cd91318407f9
https://conda.anaconda.org/anaconda/linux-64/lame-3.100-h7b6447c_0.tar.bz2#89c4b52f7f550c3dff5ad8e9221a1ccc
https://conda.anaconda.org/anaconda/linux-64/pysocks-1.7.1-py310h06a4308_0.tar.bz2#5ad7b13cb48fc3f12d94907489550019
https://conda.anaconda.org/anaconda/linux-64/matplotlib-inline-0.1.6-py310h06a4308_0.tar.bz2#6336be55da6cebfaf1cbbdc573524fc1
https://conda.anaconda.org/anaconda/linux-64/idna-3.4-py310h06a4308_0.tar.bz2#aaedbfe2ce4396b9ae3598d8b1abb21d
https://conda.anaconda.org/anaconda/linux-64/libvpx-1.7.0-h439df22_0.tar.bz2#5d85bbd2217fd0972c00d692e374a366
https://conda.anaconda.org/anaconda/noarch/ptyprocess-0.7.0-pyhd3eb1b0_2.tar.bz2#62f3bb16b31fa9498a41fc4ad2b4f43c
https://conda.anaconda.org/anaconda/linux-64/pandas-1.5.2-py310h1128e8f_0.tar.bz2#e06883f2593b4e30b19f7e50c2ff27e9
https://conda.anaconda.org/anaconda/noarch/cloudpickle-2.0.0-pyhd3eb1b0_0.tar.bz2#69d72fa7be0082be6ae49341ac3f7f6f
https://conda.anaconda.org/anaconda/linux-64/jedi-0.18.1-py310h06a4308_1.tar.bz2#304ff041f756d6bac257f77c63a72aff
https://conda.anaconda.org/anaconda/linux-64/icu-58.2-he6710b0_3.tar.bz2#9213e0336e3a5216c989cfe52648412e
https://conda.anaconda.org/anaconda/noarch/pycparser-2.21-pyhd3eb1b0_0.tar.bz2#e70944ff53d19af4f65073a4f21c7b05
https://conda.anaconda.org/anaconda/linux-64/jsonschema-4.16.0-py310h06a4308_0.tar.bz2#94a82748b05b45859f91e82ff7ebaada
https://conda.anaconda.org/anaconda/linux-64/sympy-1.11.1-py310h06a4308_0.tar.bz2#726f8246fa97b279e2a5a87c26be0587
https://conda.anaconda.org/anaconda/noarch/charset-normalizer-2.0.4-pyhd3eb1b0_0.tar.bz2#544adf2677c47c9b9c891aea720678f1
https://conda.anaconda.org/anaconda/linux-64/jpeg-9e-h7f8727e_0.tar.bz2#6e1c0fb5260c590f7ef5235cb3d05863
https://conda.anaconda.org/anaconda/linux-64/gnutls-3.6.15-he1e5248_0.tar.bz2#6f59b4688f08f47023eb2d374478984e
https://conda.anaconda.org/anaconda/noarch/six-1.16.0-pyhd3eb1b0_1.tar.bz2#0a3ab834ba49016e183e715bff48a2b6
https://conda.anaconda.org/conda-forge/linux-64/python_abi-3.10-2_cp310.tar.bz2#9e7160cd0d865e98f6803f1fe15c8b61
https://conda.anaconda.org/anaconda/noarch/defusedxml-0.7.1-pyhd3eb1b0_0.tar.bz2#b9280feeee8d845ba495a701bae72de9
https://conda.anaconda.org/anaconda/linux-64/setuptools-65.6.3-py310h06a4308_0.tar.bz2#6e786bab0eb3557e1cb9ab5a9ae0002b
https://conda.anaconda.org/anaconda/noarch/asttokens-2.0.5-pyhd3eb1b0_0.tar.bz2#d9c6faf4f1a52c664ef1343f464e45b5
https://conda.anaconda.org/anaconda/linux-64/jupyter_console-6.4.4-py310h06a4308_0.tar.bz2#41f122d1a347c451956bea3d3ca93f35
https://conda.anaconda.org/anaconda/linux-64/matplotlib-base-3.6.2-py310h945d387_0.tar.bz2#cc5d30070a57811528f36319b99e1cf2
https://conda.anaconda.org/anaconda/linux-64/qt-webengine-5.15.9-hd2b0992_4.tar.bz2#5726d711d573a0051b5fd8d73faa555c
https://conda.anaconda.org/anaconda/linux-64/networkx-2.8.4-py310h06a4308_0.tar.bz2#5336a0ca2f191585f8ce962db82a5b6c
https://conda.anaconda.org/anaconda/linux-64/jupyterlab-3.5.3-py310h06a4308_0.tar.bz2#3fead9ef05dfcadd77f39d641229d5b4
https://conda.anaconda.org/anaconda/noarch/wheel-0.37.1-pyhd3eb1b0_0.tar.bz2#9800fd2a86354f58731a7ad0eb5dd537
https://conda.anaconda.org/anaconda/linux-64/lerc-3.0-h295c915_0.tar.bz2#88199c75f2ac211728febced7785c24e
https://conda.anaconda.org/anaconda/linux-64/zstd-1.5.2-ha4553b6_0.tar.bz2#b1737dfd2e06ad69ec5cfec341e207c6
https://conda.anaconda.org/anaconda/linux-64/sqlite-3.40.1-h5082296_0.tar.bz2#d1e20816f58d88e65615183652633403
https://conda.anaconda.org/anaconda/linux-64/python-fastjsonschema-2.16.2-py310h06a4308_0.tar.bz2#7f9649b98bcdc1b5b0c4b22c5db5b9de
https://conda.anaconda.org/anaconda/linux-64/libpng-1.6.37-hbc83047_0.tar.bz2#9cb85601944ca7383b1769bff74b94e8
https://conda.anaconda.org/anaconda/linux-64/ld_impl_linux-64-2.38-h1181459_1.tar.bz2#9508af80612e4fa1b5d1abb43ca7e63c
https://conda.anaconda.org/anaconda/noarch/backcall-0.2.0-pyhd3eb1b0_0.tar.bz2#b2aa5503875aba2f1d88cae9df9a96d5
https://conda.anaconda.org/anaconda/noarch/executing-0.8.3-pyhd3eb1b0_0.tar.bz2#1bdd5a02233d229e76081a73659e9405
https://conda.anaconda.org/anaconda/linux-64/libgcc-ng-11.2.0-h1234567_1.tar.bz2#641e72e5067bd6d5454405879e1cd2a7
https://conda.anaconda.org/anaconda/linux-64/dbus-1.13.18-hb2f20db_0.tar.bz2#498d0788982ec4c5d13a44359b9c7afb
https://conda.anaconda.org/anaconda/linux-64/mkl-2021.4.0-h06a4308_640.tar.bz2#bd20f4410b81f327e35ffa0657961146
https://conda.anaconda.org/anaconda/linux-64/libpq-12.9-h16c4e8d_3.tar.bz2#9a937973dc627e6d2d1f29b73fb714ca
https://conda.anaconda.org/anaconda/noarch/jupyterlab_pygments-0.1.2-py_0.tar.bz2#33624a42ee387bf9918ea98b4e7b31fc
https://conda.anaconda.org/anaconda/linux-64/libwebp-base-1.2.4-h5eee18b_0.tar.bz2#fb63542c653b3be4c16e759e07017914
https://conda.anaconda.org/anaconda/linux-64/gmpy2-2.1.2-py310heeb90bb_0.tar.bz2#4b3d0e9c6904a91c8081e9d2f4fca43a
https://conda.anaconda.org/anaconda/linux-64/pillow-9.3.0-py310h6a678d5_2.tar.bz2#8d5fb665ef200ba6a7f471aaac72c53f
https://conda.anaconda.org/anaconda/linux-64/mpc-1.1.0-h10f8cd9_1.tar.bz2#c3e5119d578d2418331013ba024ba0bc
https://conda.anaconda.org/anaconda/linux-64/blas-1.0-mkl.tar.bz2#751c2c5b239a728db05f91374aaac3a1
https://conda.anaconda.org/anaconda/linux-64/gstreamer-1.14.0-h28cd5cc_2.tar.bz2#83453eb716b94c66fb64391760c0eeb1
https://conda.anaconda.org/anaconda/linux-64/libxcb-1.15-h7f8727e_0.tar.bz2#49e523de8d364b7fabc3850eccbe9bda
https://conda.anaconda.org/anaconda/linux-64/gmp-6.2.1-h295c915_3.tar.bz2#4f4570f23a92244101431ec46a235436
https://conda.anaconda.org/anaconda/noarch/tzdata-2022a-hda174b7_0.tar.bz2#a99750e9650510d276b56d2b000f4569
https://conda.anaconda.org/anaconda/noarch/send2trash-1.8.0-pyhd3eb1b0_1.tar.bz2#41db68b96e114e367c4f120a3b379e59
https://conda.anaconda.org/anaconda/linux-64/freetype-2.12.1-h4a9f257_0.tar.bz2#a5dc8677d891dff2393b63189a3ad42f
